
Microsoft Visual Studio Solution File, Format Version 12.00
# Visual Studio Version 16
VisualStudioVersion = 25.0.1706.11
MinimumVisualStudioVersion = 10.0.40219.1
Project("{FAE04EC0-301F-11D3-BF4B-00C04F79EFBC}") = "Parser_GUI", "Parser_GUI.csproj", "{B4265F27-B239-4444-AB47-7558700ABE96}"
EndProject
Global
	GlobalSection(SolutionConfigurationPlatforms) = preSolution
		Debug|Any CPU = Debug|Any CPU
		Release|Any CPU = Release|Any CPU
	EndGlobalSection
	GlobalSection(ProjectConfigurationPlatforms) = postSolution
		{B4265F27-B239-4444-AB47-7558700ABE96}.Debug|Any CPU.ActiveCfg = Debug|Any CPU
		{B4265F27-B239-4444-AB47-7558700ABE96}.Debug|Any CPU.Build.0 = Debug|Any CPU
		{B4265F27-B239-4444-AB47-7558700ABE96}.Release|Any CPU.ActiveCfg = Release|Any CPU
		{B4265F27-B239-4444-AB47-7558700ABE96}.Release|Any CPU.Build.0 = Release|Any CPU
	EndGlobalSection
	GlobalSection(SolutionProperties) = preSolution
		HideSolutionNode = FALSE
	EndGlobalSection
	GlobalSection(ExtensibilityGlobals) = postSolution
		SolutionGuid = {DF755EE9-FA40-450C-ACD4-6F2D0842816D}
	EndGlobalSection
EndGlobal
